
Microsoft Visual Studio Solution File, Format Version 12.00
# Visual Studio Version 16
VisualStudioVersion = 16.0.30523.141
MinimumVisualStudioVersion = 10.0.40219.1
Project("{FAE04EC0-301F-11D3-BF4B-00C04F79EFBC}") = "oxymeter-netcore", "oxymeter-netcore.csproj", "{6BA5133B-518B-4DED-9F03-36F25593226D}"
EndProject
Global
	GlobalSection(SolutionConfigurationPlatforms) = preSolution
		Debug|Any CPU = Debug|Any CPU
		Release|Any CPU = Release|Any CPU
	EndGlobalSection
	GlobalSection(ProjectConfigurationPlatforms) = postSolution
		{6BA5133B-518B-4DED-9F03-36F25593226D}.Debug|Any CPU.ActiveCfg = Debug|Any CPU
		{6BA5133B-518B-4DED-9F03-36F25593226D}.Debug|Any CPU.Build.0 = Debug|Any CPU
		{6BA5133B-518B-4DED-9F03-36F25593226D}.Release|Any CPU.ActiveCfg = Release|Any CPU
		{6BA5133B-518B-4DED-9F03-36F25593226D}.Release|Any CPU.Build.0 = Release|Any CPU
	EndGlobalSection
	GlobalSection(SolutionProperties) = preSolution
		HideSolutionNode = FALSE
	EndGlobalSection
	GlobalSection(ExtensibilityGlobals) = postSolution
		SolutionGuid = {BF6D2D97-987F-443A-AA68-A1327A57FAEF}
	EndGlobalSection
EndGlobal
